
Microsoft Visual Studio Solution File, Format Version 12.00
# Visual Studio Version 17
VisualStudioVersion = 17.7.34031.279
MinimumVisualStudioVersion = 10.0.40219.1
Project("{FAE04EC0-301F-11D3-BF4B-00C04F79EFBC}") = "ObjectsAndClasses", "ObjectsAndClasses\ObjectsAndClasses.csproj", "{32673FF1-0CDD-4B84-8176-2A4D966EEFF0}"
EndProject
Global
	GlobalSection(SolutionConfigurationPlatforms) = preSolution
		Debug|Any CPU = Debug|Any CPU
		Release|Any CPU = Release|Any CPU
	EndGlobalSection
	GlobalSection(ProjectConfigurationPlatforms) = postSolution
		{32673FF1-0CDD-4B84-8176-2A4D966EEFF0}.Debug|Any CPU.ActiveCfg = Debug|Any CPU
		{32673FF1-0CDD-4B84-8176-2A4D966EEFF0}.Debug|Any CPU.Build.0 = Debug|Any CPU
		{32673FF1-0CDD-4B84-8176-2A4D966EEFF0}.Release|Any CPU.ActiveCfg = Release|Any CPU
		{32673FF1-0CDD-4B84-8176-2A4D966EEFF0}.Release|Any CPU.Build.0 = Release|Any CPU
	EndGlobalSection
	GlobalSection(SolutionProperties) = preSolution
		HideSolutionNode = FALSE
	EndGlobalSection
	GlobalSection(ExtensibilityGlobals) = postSolution
		SolutionGuid = {93D5A691-C878-419A-8999-3829F812C833}
	EndGlobalSection
EndGlobal
