
Microsoft Visual Studio Solution File, Format Version 12.00
# Visual Studio Version 17
VisualStudioVersion = 17.7.34031.279
MinimumVisualStudioVersion = 10.0.40219.1
<<<<<<< HEAD
Project("{FAE04EC0-301F-11D3-BF4B-00C04F79EFBC}") = "DifferentCollections", "DifferentCollections\DifferentCollections.csproj", "{D02B73AC-DE8C-4F31-83E0-C10B29FE986F}"
=======
Project("{FAE04EC0-301F-11D3-BF4B-00C04F79EFBC}") = "DifferentCollections", "DifferentCollections\DifferentCollections.csproj", "{875A6D63-9695-432C-9A73-17F487801AB0}"
>>>>>>> d0ae06a9cb8fd17fad8c791b956f0716bcfa84aa
EndProject
Global
	GlobalSection(SolutionConfigurationPlatforms) = preSolution
		Debug|Any CPU = Debug|Any CPU
		Release|Any CPU = Release|Any CPU
	EndGlobalSection
	GlobalSection(ProjectConfigurationPlatforms) = postSolution
<<<<<<< HEAD
		{D02B73AC-DE8C-4F31-83E0-C10B29FE986F}.Debug|Any CPU.ActiveCfg = Debug|Any CPU
		{D02B73AC-DE8C-4F31-83E0-C10B29FE986F}.Debug|Any CPU.Build.0 = Debug|Any CPU
		{D02B73AC-DE8C-4F31-83E0-C10B29FE986F}.Release|Any CPU.ActiveCfg = Release|Any CPU
		{D02B73AC-DE8C-4F31-83E0-C10B29FE986F}.Release|Any CPU.Build.0 = Release|Any CPU
=======
		{875A6D63-9695-432C-9A73-17F487801AB0}.Debug|Any CPU.ActiveCfg = Debug|Any CPU
		{875A6D63-9695-432C-9A73-17F487801AB0}.Debug|Any CPU.Build.0 = Debug|Any CPU
		{875A6D63-9695-432C-9A73-17F487801AB0}.Release|Any CPU.ActiveCfg = Release|Any CPU
		{875A6D63-9695-432C-9A73-17F487801AB0}.Release|Any CPU.Build.0 = Release|Any CPU
>>>>>>> d0ae06a9cb8fd17fad8c791b956f0716bcfa84aa
	EndGlobalSection
	GlobalSection(SolutionProperties) = preSolution
		HideSolutionNode = FALSE
	EndGlobalSection
	GlobalSection(ExtensibilityGlobals) = postSolution
<<<<<<< HEAD
		SolutionGuid = {7641F603-0A24-44DA-B859-66CA16406629}
=======
		SolutionGuid = {3FB482AE-A532-4DDA-BD8C-92FB5231EC97}
>>>>>>> d0ae06a9cb8fd17fad8c791b956f0716bcfa84aa
	EndGlobalSection
EndGlobal
