
Microsoft Visual Studio Solution File, Format Version 12.00
# Visual Studio Version 17
VisualStudioVersion = 17.7.34031.279
MinimumVisualStudioVersion = 10.0.40219.1
Project("{FAE04EC0-301F-11D3-BF4B-00C04F79EFBC}") = "ConstructorsExam", "ConstructorsExam\ConstructorsExam.csproj", "{08C4B4B6-1FEB-418F-BA95-043FE6EFC24E}"
EndProject
Global
	GlobalSection(SolutionConfigurationPlatforms) = preSolution
		Debug|Any CPU = Debug|Any CPU
		Release|Any CPU = Release|Any CPU
	EndGlobalSection
	GlobalSection(ProjectConfigurationPlatforms) = postSolution
		{08C4B4B6-1FEB-418F-BA95-043FE6EFC24E}.Debug|Any CPU.ActiveCfg = Debug|Any CPU
		{08C4B4B6-1FEB-418F-BA95-043FE6EFC24E}.Debug|Any CPU.Build.0 = Debug|Any CPU
		{08C4B4B6-1FEB-418F-BA95-043FE6EFC24E}.Release|Any CPU.ActiveCfg = Release|Any CPU
		{08C4B4B6-1FEB-418F-BA95-043FE6EFC24E}.Release|Any CPU.Build.0 = Release|Any CPU
	EndGlobalSection
	GlobalSection(SolutionProperties) = preSolution
		HideSolutionNode = FALSE
	EndGlobalSection
	GlobalSection(ExtensibilityGlobals) = postSolution
		SolutionGuid = {022F6093-3AB2-4E2B-A41E-9C2381B9951C}
	EndGlobalSection
EndGlobal
