
Microsoft Visual Studio Solution File, Format Version 12.00
# Visual Studio Version 17
VisualStudioVersion = 17.7.34031.279
MinimumVisualStudioVersion = 10.0.40219.1
Project("{FAE04EC0-301F-11D3-BF4B-00C04F79EFBC}") = "FibonacciSequence", "FibonacciSequence\FibonacciSequence.csproj", "{0AC6F794-D4E7-4EEF-A1BF-34B74A960930}"
EndProject
Global
	GlobalSection(SolutionConfigurationPlatforms) = preSolution
		Debug|Any CPU = Debug|Any CPU
		Release|Any CPU = Release|Any CPU
	EndGlobalSection
	GlobalSection(ProjectConfigurationPlatforms) = postSolution
		{0AC6F794-D4E7-4EEF-A1BF-34B74A960930}.Debug|Any CPU.ActiveCfg = Debug|Any CPU
		{0AC6F794-D4E7-4EEF-A1BF-34B74A960930}.Debug|Any CPU.Build.0 = Debug|Any CPU
		{0AC6F794-D4E7-4EEF-A1BF-34B74A960930}.Release|Any CPU.ActiveCfg = Release|Any CPU
		{0AC6F794-D4E7-4EEF-A1BF-34B74A960930}.Release|Any CPU.Build.0 = Release|Any CPU
	EndGlobalSection
	GlobalSection(SolutionProperties) = preSolution
		HideSolutionNode = FALSE
	EndGlobalSection
	GlobalSection(ExtensibilityGlobals) = postSolution
		SolutionGuid = {9D5B4AC6-2FAC-4E2C-A126-D2FBB93C7B18}
	EndGlobalSection
EndGlobal
