
Microsoft Visual Studio Solution File, Format Version 12.00
# Visual Studio Version 17
VisualStudioVersion = 17.7.34031.279
MinimumVisualStudioVersion = 10.0.40219.1
Project("{9A19103F-16F7-4668-BE54-9A1E7A4F7556}") = "WpfApp1", "WpfApp1\WpfApp1.csproj", "{BC5A3375-1C55-4A69-8DCB-635EBF3F1943}"
EndProject
Project("{FAE04EC0-301F-11D3-BF4B-00C04F79EFBC}") = "People.Database", "People.Database\People.Database.csproj", "{15B1392C-DE64-4CC0-A2A6-B820115963C1}"
EndProject
Global
	GlobalSection(SolutionConfigurationPlatforms) = preSolution
		Debug|Any CPU = Debug|Any CPU
		Release|Any CPU = Release|Any CPU
	EndGlobalSection
	GlobalSection(ProjectConfigurationPlatforms) = postSolution
		{BC5A3375-1C55-4A69-8DCB-635EBF3F1943}.Debug|Any CPU.ActiveCfg = Debug|Any CPU
		{BC5A3375-1C55-4A69-8DCB-635EBF3F1943}.Debug|Any CPU.Build.0 = Debug|Any CPU
		{BC5A3375-1C55-4A69-8DCB-635EBF3F1943}.Release|Any CPU.ActiveCfg = Release|Any CPU
		{BC5A3375-1C55-4A69-8DCB-635EBF3F1943}.Release|Any CPU.Build.0 = Release|Any CPU
		{15B1392C-DE64-4CC0-A2A6-B820115963C1}.Debug|Any CPU.ActiveCfg = Debug|Any CPU
		{15B1392C-DE64-4CC0-A2A6-B820115963C1}.Debug|Any CPU.Build.0 = Debug|Any CPU
		{15B1392C-DE64-4CC0-A2A6-B820115963C1}.Release|Any CPU.ActiveCfg = Release|Any CPU
		{15B1392C-DE64-4CC0-A2A6-B820115963C1}.Release|Any CPU.Build.0 = Release|Any CPU
	EndGlobalSection
	GlobalSection(SolutionProperties) = preSolution
		HideSolutionNode = FALSE
	EndGlobalSection
	GlobalSection(ExtensibilityGlobals) = postSolution
		SolutionGuid = {C260A8FC-750C-4D45-A505-DA46B0FDF2C1}
	EndGlobalSection
EndGlobal
